# THIS IS AN AUTOGENERATED FILE. DO NOT EDIT THIS FILE DIRECTLY.
# yarn lockfile v1


"@types/node@^22.5.0":
  version "22.5.0"
  resolved "https://registry.yarnpkg.com/@types/node/-/node-22.5.0.tgz#10f01fe9465166b4cab72e75f60d8b99d019f958"
  integrity sha512-DkFrJOe+rfdHTqqMg0bSNlGlQ85hSoh2TPzZyhHsXnMtligRWpxUySiyw8FY14ITt24HVCiQPWxS3KO/QlGmWg==
  dependencies:
    undici-types "~6.19.2"

htmlrewriter@^0.0.9:
  version "0.0.9"
  resolved "https://registry.yarnpkg.com/htmlrewriter/-/htmlrewriter-0.0.9.tgz#9623a12420f0014f7102ad218333ba88a3b08488"
  integrity sha512-KJCafoOtKeJ6difDDo8u1rnwT8hZiPqzEHkBC0ZwAcinL2zQJ3xCIPLNXXkbhzHq0dqRau2dJdCUMqjaAg9Z1g==

undici-types@~6.19.2:
  version "6.19.8"
  resolved "https://registry.yarnpkg.com/undici-types/-/undici-types-6.19.8.tgz#35111c9d1437ab83a7cdc0abae2f26d88eda0a02"
  integrity sha512-ve2KP6f/JnbPBFyobGHuerC9g1FYGn/F8n1LWTwNxCEzd6IfqTwUQcNXgEtmmQ6DlRrC1hrSrBnCZPokRrDHjw==
